// !$*UTF8*$!
{
	archiveVersion = 1;
	classes = {
	};
	objectVersion = 46;
	objects = {

/* Begin PBXBuildFile section */
		4BFA02DD1C603118002BD9A4 /* AppDelegate.swift in Sources */ = {isa = PBXBuildFile; fileRef = 4BFA02DC1C603118002BD9A4 /* AppDelegate.swift */; };
		4BFA02DF1C603118002BD9A4 /* ViewController.swift in Sources */ = {isa = PBXBuildFile; fileRef = 4BFA02DE1C603118002BD9A4 /* ViewController.swift */; };
		4BFA02E21C603118002BD9A4 /* Main.storyboard in Resources */ = {isa = PBXBuildFile; fileRef = 4BFA02E01C603118002BD9A4 /* Main.storyboard */; };
		4BFA02E41C603118002BD9A4 /* Assets.xcassets in Resources */ = {isa = PBXBuildFile; fileRef = 4BFA02E31C603118002BD9A4 /* Assets.xcassets */; };
		4BFA02E71C603118002BD9A4 /* LaunchScreen.storyboard in Resources */ = {isa = PBXBuildFile; fileRef = 4BFA02E51C603118002BD9A4 /* LaunchScreen.storyboard */; };
		4BFA02EF1C60313B002BD9A4 /* MovingImageView.swift in Sources */ = {isa = PBXBuildFile; fileRef = 4BFA02EE1C60313B002BD9A4 /* MovingImageView.swift */; };
/* End PBXBuildFile section */

/* Begin PBXFileReference section */
		4BFA02D91C603118002BD9A4 /* MovingImageSample.app */ = {isa = PBXFileReference; explicitFileType = wrapper.application; includeInIndex = 0; path = MovingImageSample.app; sourceTree = BUILT_PRODUCTS_DIR; };
		4BFA02DC1C603118002BD9A4 /* AppDelegate.swift */ = {isa = PBXFileReference; lastKnownFileType = sourcecode.swift; path = AppDelegate.swift; sourceTree = "<group>"; };
		4BFA02DE1C603118002BD9A4 /* ViewController.swift */ = {isa = PBXFileReference; lastKnownFileType = sourcecode.swift; path = ViewController.swift; sourceTree = "<group>"; };
		4BFA02E11C603118002BD9A4 /* Base */ = {isa = PBXFileReference; lastKnownFileType = file.storyboard; name = Base; path = Base.lproj/Main.storyboard; sourceTree = "<group>"; };
		4BFA02E31C603118002BD9A4 /* Assets.xcassets */ = {isa = PBXFileReference; lastKnownFileType = folder.assetcatalog; path = Assets.xcassets; sourceTree = "<group>"; };
		4BFA02E61C603118002BD9A4 /* Base */ = {isa = PBXFileReference; lastKnownFileType = file.storyboard; name = Base; path = Base.lproj/LaunchScreen.storyboard; sourceTree = "<group>"; };
		4BFA02E81C603118002BD9A4 /* Info.plist */ = {isa = PBXFileReference; lastKnownFileType = text.plist.xml; path = Info.plist; sourceTree = "<group>"; };
		4BFA02EE1C60313B002BD9A4 /* MovingImageView.swift */ = {isa = PBXFileReference; fileEncoding = 4; lastKnownFileType = sourcecode.swift; path = MovingImageView.swift; sourceTree = "<group>"; };
/* End PBXFileReference section */

/* Begin PBXFrameworksBuildPhase section */
		4BFA02D61C603118002BD9A4 /* Frameworks */ = {
			isa = PBXFrameworksBuildPhase;
			buildActionMask = 2147483647;
			files = (
			);
			runOnlyForDeploymentPostprocessing = 0;
		};
/* End PBXFrameworksBuildPhase section */

/* Begin PBXGroup section */
		4BFA02D01C603118002BD9A4 = {
			isa = PBXGroup;
			children = (
				4BFA02DB1C603118002BD9A4 /* MovingImageSample */,
				4BFA02DA1C603118002BD9A4 /* Products */,
			);
			sourceTree = "<group>";
		};
		4BFA02DA1C603118002BD9A4 /* Products */ = {
			isa = PBXGroup;
			children = (
				4BFA02D91C603118002BD9A4 /* MovingImageSample.app */,
			);
			name = Products;
			sourceTree = "<group>";
		};
		4BFA02DB1C603118002BD9A4 /* MovingImageSample */ = {
			isa = PBXGroup;
			children = (
				4BFA02EE1C60313B002BD9A4 /* MovingImageView.swift */,
				4BFA02DC1C603118002BD9A4 /* AppDelegate.swift */,
				4BFA02DE1C603118002BD9A4 /* ViewController.swift */,
				4BFA02E01C603118002BD9A4 /* Main.storyboard */,
				4BFA02E31C603118002BD9A4 /* Assets.xcassets */,
				4BFA02E51C603118002BD9A4 /* LaunchScreen.storyboard */,
				4BFA02E81C603118002BD9A4 /* Info.plist */,
			);
			path = MovingImageSample;
			sourceTree = "<group>";
		};
/* End PBXGroup section */

/* Begin PBXNativeTarget section */
		4BFA02D81C603118002BD9A4 /* MovingImageSample */ = {
			isa = PBXNativeTarget;
			buildConfigurationList = 4BFA02EB1C603118002BD9A4 /* Build configuration list for PBXNativeTarget "MovingImageSample" */;
			buildPhases = (
				4BFA02D51C603118002BD9A4 /* Sources */,
				4BFA02D61C603118002BD9A4 /* Frameworks */,
				4BFA02D71C603118002BD9A4 /* Resources */,
			);
			buildRules = (
			);
			dependencies = (
			);
			name = MovingImageSample;
			productName = MovingImageSample;
			productReference = 4BFA02D91C603118002BD9A4 /* MovingImageSample.app */;
			productType = "com.apple.product-type.application";
		};
/* End PBXNativeTarget section */

/* Begin PBXProject section */
		4BFA02D11C603118002BD9A4 /* Project object */ = {
			isa = PBXProject;
			attributes = {
				LastSwiftUpdateCheck = 0720;
				LastUpgradeCheck = 0720;
				ORGANIZATIONNAME = Krimpedance;
				TargetAttributes = {
					4BFA02D81C603118002BD9A4 = {
						CreatedOnToolsVersion = 7.2;
					};
				};
			};
			buildConfigurationList = 4BFA02D41C603118002BD9A4 /* Build configuration list for PBXProject "MovingImageSample" */;
			compatibilityVersion = "Xcode 3.2";
			developmentRegion = English;
			hasScannedForEncodings = 0;
			knownRegions = (
				en,
				Base,
			);
			mainGroup = 4BFA02D01C603118002BD9A4;
			productRefGroup = 4BFA02DA1C603118002BD9A4 /* Products */;
			projectDirPath = "";
			projectRoot = "";
			targets = (
				4BFA02D81C603118002BD9A4 /* MovingImageSample */,
			);
		};
/* End PBXProject section */

/* Begin PBXResourcesBuildPhase section */
		4BFA02D71C603118002BD9A4 /* Resources */ = {
			isa = PBXResourcesBuildPhase;
			buildActionMask = 2147483647;
			files = (
				4BFA02E71C603118002BD9A4 /* LaunchScreen.storyboard in Resources */,
				4BFA02E41C603118002BD9A4 /* Assets.xcassets in Resources */,
				4BFA02E21C603118002BD9A4 /* Main.storyboard in Resources */,
			);
			runOnlyForDeploymentPostprocessing = 0;
		};
/* End PBXResourcesBuildPhase section */

/* Begin PBXSourcesBuildPhase section */
		4BFA02D51C603118002BD9A4 /* Sources */ = {
			isa = PBXSourcesBuildPhase;
			buildActionMask = 2147483647;
			files = (
				4BFA02DF1C603118002BD9A4 /* ViewController.swift in Sources */,
				4BFA02DD1C603118002BD9A4 /* AppDelegate.swift in Sources */,
				4BFA02EF1C60313B002BD9A4 /* MovingImageView.swift in Sources */,
			);
			runOnlyForDeploymentPostprocessing = 0;
		};
/* End PBXSourcesBuildPhase section */

/* Begin PBXVariantGroup section */
		4BFA02E01C603118002BD9A4 /* Main.storyboard */ = {
			isa = PBXVariantGroup;
			children = (
				4BFA02E11C603118002BD9A4 /* Base */,
			);
			name = Main.storyboard;
			sourceTree = "<group>";
		};
		4BFA02E51C603118002BD9A4 /* LaunchScreen.storyboard */ = {
			isa = PBXVariantGroup;
			children = (
				4BFA02E61C603118002BD9A4 /* Base */,
			);
			name = LaunchScreen.storyboard;
			sourceTree = "<group>";
		};
/* End PBXVariantGroup section */

/* Begin XCBuildConfiguration section */
		4BFA02E91C603118002BD9A4 /* Debug */ = {
			isa = XCBuildConfiguration;
			buildSettings = {
				ALWAYS_SEARCH_USER_PATHS = NO;
				CLANG_CXX_LANGUAGE_STANDARD = "gnu++0x";
				CLANG_CXX_LIBRARY = "libc++";
				CLANG_ENABLE_MODULES = YES;
				CLANG_ENABLE_OBJC_ARC = YES;
				CLANG_WARN_BOOL_CONVERSION = YES;
				CLANG_WARN_CONSTANT_CONVERSION = YES;
				CLANG_WARN_DIRECT_OBJC_ISA_USAGE = YES_ERROR;
				CLANG_WARN_EMPTY_BODY = YES;
				CLANG_WARN_ENUM_CONVERSION = YES;
				CLANG_WARN_INT_CONVERSION = YES;
				CLANG_WARN_OBJC_ROOT_CLASS = YES_ERROR;
				CLANG_WARN_UNREACHABLE_CODE = YES;
				CLANG_WARN__DUPLICATE_METHOD_MATCH = YES;
				"CODE_SIGN_IDENTITY[sdk=iphoneos*]" = "iPhone Developer";
				COPY_PHASE_STRIP = NO;
				DEBUG_INFORMATION_FORMAT = dwarf;
				ENABLE_STRICT_OBJC_MSGSEND = YES;
				ENABLE_TESTABILITY = YES;
				GCC_C_LANGUAGE_STANDARD = gnu99;
				GCC_DYNAMIC_NO_PIC = NO;
				GCC_NO_COMMON_BLOCKS = YES;
				GCC_OPTIMIZATION_LEVEL = 0;
				GCC_PREPROCESSOR_DEFINITIONS = (
					"DEBUG=1",
					"$(inherited)",
				);
				GCC_WARN_64_TO_32_BIT_CONVERSION = YES;
				GCC_WARN_ABOUT_RETURN_TYPE = YES_ERROR;
				GCC_WARN_UNDECLARED_SELECTOR = YES;
				GCC_WARN_UNINITIALIZED_AUTOS = YES_AGGRESSIVE;
				GCC_WARN_UNUSED_FUNCTION = YES;
				GCC_WARN_UNUSED_VARIABLE = YES;
				IPHONEOS_DEPLOYMENT_TARGET = 9.2;
				MTL_ENABLE_DEBUG_INFO = YES;
				ONLY_ACTIVE_ARCH = YES;
				SDKROOT = iphoneos;
				SWIFT_OPTIMIZATION_LEVEL = "-Onone";
			};
			name = Debug;
		};
		4BFA02EA1C603118002BD9A4 /* Release */ = {
			isa = XCBuildConfiguration;
			buildSettings = {
				ALWAYS_SEARCH_USER_PATHS = NO;
				CLANG_CXX_LANGUAGE_STANDARD = "gnu++0x";
				CLANG_CXX_LIBRARY = "libc++";
				CLANG_ENABLE_MODULES = YES;
				CLANG_ENABLE_OBJC_ARC = YES;
				CLANG_WARN_BOOL_CONVERSION = YES;
				CLANG_WARN_CONSTANT_CONVERSION = YES;
				CLANG_WARN_DIRECT_OBJC_ISA_USAGE = YES_ERROR;
				CLANG_WARN_EMPTY_BODY = YES;
				CLANG_WARN_ENUM_CONVERSION = YES;
				CLANG_WARN_INT_CONVERSION = YES;
				CLANG_WARN_OBJC_ROOT_CLASS = YES_ERROR;
				CLANG_WARN_UNREACHABLE_CODE = YES;
				CLANG_WARN__DUPLICATE_METHOD_MATCH = YES;
				"CODE_SIGN_IDENTITY[sdk=iphoneos*]" = "iPhone Developer";
				COPY_PHASE_STRIP = NO;
				DEBUG_INFORMATION_FORMAT = "dwarf-with-dsym";
				ENABLE_NS_ASSERTIONS = NO;
				ENABLE_STRICT_OBJC_MSGSEND = YES;
				GCC_C_LANGUAGE_STANDARD = gnu99;
				GCC_NO_COMMON_BLOCKS = YES;
				GCC_WARN_64_TO_32_BIT_CONVERSION = YES;
				GCC_WARN_ABOUT_RETURN_TYPE = YES_ERROR;
				GCC_WARN_UNDECLARED_SELECTOR = YES;
				GCC_WARN_UNINITIALIZED_AUTOS = YES_AGGRESSIVE;
				GCC_WARN_UNUSED_FUNCTION = YES;
				GCC_WARN_UNUSED_VARIABLE = YES;
				IPHONEOS_DEPLOYMENT_TARGET = 9.2;
				MTL_ENABLE_DEBUG_INFO = NO;
				SDKROOT = iphoneos;
				VALIDATE_PRODUCT = YES;
			};
			name = Release;
		};
		4BFA02EC1C603118002BD9A4 /* Debug */ = {
			isa = XCBuildConfiguration;
			buildSettings = {
				ASSETCATALOG_COMPILER_APPICON_NAME = AppIcon;
				INFOPLIST_FILE = MovingImageSample/Info.plist;
				LD_RUNPATH_SEARCH_PATHS = "$(inherited) @executable_path/Frameworks";
				PRODUCT_BUNDLE_IDENTIFIER = "com.gmail-krimpedance.MovingImageSample";
				PRODUCT_NAME = "$(TARGET_NAME)";
			};
			name = Debug;
		};
		4BFA02ED1C603118002BD9A4 /* Release */ = {
			isa = XCBuildConfiguration;
			buildSettings = {
				ASSETCATALOG_COMPILER_APPICON_NAME = AppIcon;
				INFOPLIST_FILE = MovingImageSample/Info.plist;
				LD_RUNPATH_SEARCH_PATHS = "$(inherited) @executable_path/Frameworks";
				PRODUCT_BUNDLE_IDENTIFIER = "com.gmail-krimpedance.MovingImageSample";
				PRODUCT_NAME = "$(TARGET_NAME)";
			};
			name = Release;
		};
/* End XCBuildConfiguration section */

/* Begin XCConfigurationList section */
		4BFA02D41C603118002BD9A4 /* Build configuration list for PBXProject "MovingImageSample" */ = {
			isa = XCConfigurationList;
			buildConfigurations = (
				4BFA02E91C603118002BD9A4 /* Debug */,
				4BFA02EA1C603118002BD9A4 /* Release */,
			);
			defaultConfigurationIsVisible = 0;
			defaultConfigurationName = Release;
		};
		4BFA02EB1C603118002BD9A4 /* Build configuration list for PBXNativeTarget "MovingImageSample" */ = {
			isa = XCConfigurationList;
			buildConfigurations = (
				4BFA02EC1C603118002BD9A4 /* Debug */,
				4BFA02ED1C603118002BD9A4 /* Release */,
			);
			defaultConfigurationIsVisible = 0;
		};
/* End XCConfigurationList section */
	};
	rootObject = 4BFA02D11C603118002BD9A4 /* Project object */;
}
